
Microsoft Visual Studio Solution File, Format Version 12.00
# Visual Studio Version 16
VisualStudioVersion = 16.0.33529.622
MinimumVisualStudioVersion = 10.0.40219.1
Project("{FAE04EC0-301F-11D3-BF4B-00C04F79EFBC}") = "ScaleStockTracker", "ScaleStockTracker\ScaleStockTracker.csproj", "{F2CE5871-E43B-4361-A3B9-69C0905F8D65}"
EndProject
Global
	GlobalSection(SolutionConfigurationPlatforms) = preSolution
		Debug|Any CPU = Debug|Any CPU
		Release|Any CPU = Release|Any CPU
	EndGlobalSection
	GlobalSection(ProjectConfigurationPlatforms) = postSolution
		{F2CE5871-E43B-4361-A3B9-69C0905F8D65}.Debug|Any CPU.ActiveCfg = Debug|Any CPU
		{F2CE5871-E43B-4361-A3B9-69C0905F8D65}.Debug|Any CPU.Build.0 = Debug|Any CPU
		{F2CE5871-E43B-4361-A3B9-69C0905F8D65}.Release|Any CPU.ActiveCfg = Release|Any CPU
		{F2CE5871-E43B-4361-A3B9-69C0905F8D65}.Release|Any CPU.Build.0 = Release|Any CPU
	EndGlobalSection
	GlobalSection(SolutionProperties) = preSolution
		HideSolutionNode = FALSE
	EndGlobalSection
	GlobalSection(ExtensibilityGlobals) = postSolution
		SolutionGuid = {39079284-FF23-4921-ADA0-03EB7FF54058}
	EndGlobalSection
EndGlobal
